github.com/davecgh/go-spew v1.1.0 h1:ZDRjVQ15GmhC3fiQ8ni8+OwkZQO4DARzQgrnXU1Liz8=
github.com/edsrzf/mmap-go v1.1.0 h1:6EUwBLQ/Mcr1EYLE4Tn1VdW1A4ckqCQWZBw8Hr0kjpQ=
github.com/edsrzf/mmap-go v1.1.0/go.mod h1:19H/e8pUPLicwkyNgOykDXkJ9F0MHE+Z52B8EIth78Q=
github.com/pmezard/go-difflib v1.0.0 h1:4DBwDE0NGyQoBHbLQYPwSUPoCMWR5BEzIk/f1lZbAQM=
github.com/stretchr/testify v1.7.0 h1:nwc3DEeHmmLAfoZucVR881uASk0Mfjw8xYJ99tb5CcY=
github.com/tidwall/cities v0.1.0 h1:CVNkmMf7NEC9Bvokf5GoSsArHCKRMTgLuubRTHnH0mE=
github.com/tidwall/cities v0.1.0/go.mod h1:lV/HDp2gCcRcHJWqgt6Di54GiDrTZwh1aG2ZUPNbqa4=
github.com/tidwall/geoindex v1.7.0 h1:jtk41sfgwIt8MEDyC3xyKSj75iXXf6rjReJGDNPtR5o=
github.com/tidwall/geoindex v1.7.0/go.mod h1:rvVVNEFfkJVWGUdEfU8QaoOg/9zFX0h9ofWzA60mz1I=
github.com/tidwall/lotsa v1.0.2 h1:dNVBH5MErdaQ/xd9s769R31/n2dXavsQ0Yf4TMEHHw8=
github.com/tidwall/lotsa v1.0.2/go.mod h1:X6NiU+4yHA3fE3Puvpnn1XMDrFZrE9JO2/w+UMuqgR8=
github.com/tidwall/mmap v0.3.0 h1:XXt1YsiXCF5/UAu3pLbu6g7iulJ9jsbs6vt7UpiV0sY=
github.com/tidwall/mmap v0.3.0/go.mod h1:2/dNzF5zA+te/JVHfrqNLcRkb8LjdH3c80vYHFQEZRk=
github.com/tidwall/rtree v1.9.4 h1:4Sk7XQwFHOboXHFOdIfMFNezMIdPbRdGjEJhdtR9Dss=
github.com/tidwall/rtree v1.9.4/go.mod h1:iDJQ9NBRtbfKkzZu02za+mIlaP+bjYPnunbSNidpbCQ=
golang.org/x/exp v0.0.0-20230801115018-d63ba01acd4b h1:r+vk0EmXNmekl0S0BascoeeoHk/L7wmaW2QF90K+kYI=
golang.org/x/exp v0.0.0-20230801115018-d63ba01acd4b/go.mod h1:FXUEEKJgO7OQYeo8N01OfiKP8RXMtf6e8aTskBGqWdc=
golang.org/x/sys v0.0.0-20211216021012-1d35b9e2eb4e/go.mod h1:oPkhp1MJrh7nUepCBck5+mAzfO9JrbApNNgaTdGDITg=
golang.org/x/sys v0.4.0 h1:Zr2JFtRQNX3BCZ8YtxRE9hNJYC8J6I1MVbMg6owUp18=
golang.org/x/sys v0.4.0/go.mod h1:oPkhp1MJrh7nUepCBck5+mAzfO9JrbApNNgaTdGDITg=
gopkg.in/yaml.v3 v3.0.0-20200313102051-9f266ea9e77c h1:dUUwHk2QECo/6vqA44rthZ8ie2QXMNeKRTHCNY2nXvo=
